{
  "name": "@critresult/backend",
  "version": "0.0.1",
  "lockfileVersion": 1,
  "requires": true,
  "dependencies": {
    "now": {
      "version": "14.2.0",
      "resolved": "https://registry.npmjs.org/now/-/now-14.2.0.tgz",
      "integrity": "sha512-4NPhK3A3C8CCI9dFKlby4LZOPvICQHD/8p5FXvzk0on2izvKAtm5GtU8NHJzxtZNjsxaF1Jv8qXtD2/aTAUAiw=="
    }
  }
}
